<?xml version="1.0" encoding="utf-8"?>
<Project ToolsVersion="4.0" xmlns="http://schemas.microsoft.com/developer/msbuild/2003">
  <ItemGroup>
    <Filter Include="Source Files">
      <UniqueIdentifier>{4FC737F1-C7A5-4376-A066-2A32D752A2FF}</UniqueIdentifier>
      <Extensions>cpp;c;cc;cxx;c++;cppm;ixx;def;odl;idl;hpj;bat;asm;asmx</Extensions>
    </Filter>
    <Filter Include="Header Files">
      <UniqueIdentifier>{93995380-89BD-4b04-88EB-625FBE52EBFB}</UniqueIdentifier>
      <Extensions>h;hh;hpp;hxx;h++;hm;inl;inc;ipp;xsd</Extensions>
    </Filter>
    <Filter Include="Resource Files">
      <UniqueIdentifier>{67DA6AB6-F800-4c08-8B7A-83BB121AAD01}</UniqueIdentifier>
      <Extensions>rc;ico;cur;bmp;dlg;rc2;rct;bin;rgs;gif;jpg;jpeg;jpe;resx;tiff;tif;png;wav;mfcribbon-ms</Extensions>
    </Filter>
    <Filter Include="Header Files\Interfaces">
      <UniqueIdentifier>{4cddddda-1309-424a-97bf-5b70ba39ceb9}</UniqueIdentifier>
    </Filter>
    <Filter Include="Header Files\Effects">
      <UniqueIdentifier>{327d4995-739b-4047-8a6e-cddb42a59814}</UniqueIdentifier>
    </Filter>
    <Filter Include="Source Files\Effects">
      <UniqueIdentifier>{17d046eb-1a68-4fea-b22d-d5da1ddc76f6}</UniqueIdentifier>
    </Filter>
    <Filter Include="Header Files\Design">
      <UniqueIdentifier>{ffb8b9e1-804e-4ba6-873f-929ae148f236}</UniqueIdentifier>
    </Filter>
    <Filter Include="Source Files\Design">
      <UniqueIdentifier>{5d4bcf9d-13b7-45db-931f-5c627cf68ca6}</UniqueIdentifier>
    </Filter>
    <Filter Include="Header Files\Server Connection">
      <UniqueIdentifier>{d7158978-6f80-438e-a294-c26dc205c912}</UniqueIdentifier>
    </Filter>
    <Filter Include="Header Files\Server Connection\Encryption">
      <UniqueIdentifier>{28cfb0f8-f541-4fae-89b1-3c64617d175b}</UniqueIdentifier>
    </Filter>
    <Filter Include="Source Files\Server Connection">
      <UniqueIdentifier>{71f2fa21-a877-467e-b654-3393e8ed4b10}</UniqueIdentifier>
    </Filter>
    <Filter Include="Source Files\Server Connection\Encryption">
      <UniqueIdentifier>{e41e3246-cb95-441a-a838-19b5d5c7de85}</UniqueIdentifier>
    </Filter>
  </ItemGroup>
  <ItemGroup>
    <ClCompile Include="SourceID.cpp">
      <Filter>Source Files</Filter>
    </ClCompile>
    <ClCompile Include="Bezier.cpp">
      <Filter>Source Files</Filter>
    </ClCompile>
    <ClCompile Include="VideoSource.cpp">
      <Filter>Source Files</Filter>
    </ClCompile>
    <ClCompile Include="EffectProperty.cpp">
      <Filter>Source Files</Filter>
    </ClCompile>
    <ClCompile Include="ScaleEffect.cpp">
      <Filter>Source Files\Effects</Filter>
    </ClCompile>
    <ClCompile Include="MainWindow.cpp">
      <Filter>Source Files\Design</Filter>
    </ClCompile>
    <ClCompile Include="App.cpp">
      <Filter>Source Files\Design</Filter>
    </ClCompile>
    <ClCompile Include="SubWindows.cpp">
      <Filter>Source Files\Design</Filter>
    </ClCompile>
    <ClCompile Include="VideoClip.cpp">
      <Filter>Source Files</Filter>
    </ClCompile>
    <ClCompile Include="Sequence.cpp">
      <Filter>Source Files</Filter>
    </ClCompile>
    <ClCompile Include="Records.cpp">
      <Filter>Source Files</Filter>
    </ClCompile>
    <ClCompile Include="VideoSourcePanel.cpp">
      <Filter>Source Files\Design</Filter>
    </ClCompile>
    <ClCompile Include="InputDialog.cpp">
      <Filter>Source Files\Design</Filter>
    </ClCompile>
    <ClCompile Include="ShowVideoPanel.cpp">
      <Filter>Source Files\Design</Filter>
    </ClCompile>
    <ClCompile Include="SyncObject.cpp">
      <Filter>Source Files</Filter>
    </ClCompile>
    <ClCompile Include="BufferedBitmap.cpp">
      <Filter>Source Files\Design</Filter>
    </ClCompile>
    <ClCompile Include="SeqControlWindow.cpp">
      <Filter>Source Files\Design</Filter>
    </ClCompile>
    <ClCompile Include="ClipItemPanel.cpp">
      <Filter>Source Files\Design</Filter>
    </ClCompile>
    <ClCompile Include="SmallBitmapButton.cpp">
      <Filter>Source Files\Design</Filter>
    </ClCompile>
    <ClCompile Include="SeqSourcePanel.cpp">
      <Filter>Source Files\Design</Filter>
    </ClCompile>
    <ClCompile Include="SHA256.cpp">
      <Filter>Source Files\Server Connection\Encryption</Filter>
    </ClCompile>
    <ClCompile Include="rsa.cpp">
      <Filter>Source Files\Server Connection\Encryption</Filter>
    </ClCompile>
    <ClCompile Include="ShiftCipher.cpp">
      <Filter>Source Files\Server Connection\Encryption</Filter>
    </ClCompile>
    <ClCompile Include="UserDialog.cpp">
      <Filter>Source Files\Design</Filter>
    </ClCompile>
    <ClCompile Include="RotateEffect.cpp">
      <Filter>Source Files\Effects</Filter>
    </ClCompile>
    <ClCompile Include="string_utils.cpp">
      <Filter>Source Files</Filter>
    </ClCompile>
    <ClCompile Include="ProjectsDialog.cpp">
      <Filter>Source Files\Design</Filter>
    </ClCompile>
    <ClCompile Include="ServerProtocol.cpp">
      <Filter>Source Files\Server Connection</Filter>
    </ClCompile>
    <ClCompile Include="Client.cpp">
      <Filter>Source Files\Server Connection</Filter>
    </ClCompile>
  </ItemGroup>
  <ItemGroup>
    <ClInclude Include="SourceID.h">
      <Filter>Header Files</Filter>
    </ClInclude>
    <ClInclude Include="Bezier.h">
      <Filter>Header Files</Filter>
    </ClInclude>
    <ClInclude Include="id.h">
      <Filter>Header Files</Filter>
    </ClInclude>
    <ClInclude Include="VideoSource.h">
      <Filter>Header Files</Filter>
    </ClInclude>
    <ClInclude Include="ISource.h">
      <Filter>Header Files\Interfaces</Filter>
    </ClInclude>
    <ClInclude Include="IPlayable.h">
      <Filter>Header Files\Interfaces</Filter>
    </ClInclude>
    <ClInclude Include="IImg.h">
      <Filter>Header Files\Interfaces</Filter>
    </ClInclude>
    <ClInclude Include="EffectProperty.h">
      <Filter>Header Files</Filter>
    </ClInclude>
    <ClInclude Include="ScaleEffect.h">
      <Filter>Header Files\Effects</Filter>
    </ClInclude>
    <ClInclude Include="SubWindows.h">
      <Filter>Header Files\Design</Filter>
    </ClInclude>
    <ClInclude Include="App.h">
      <Filter>Header Files\Design</Filter>
    </ClInclude>
    <ClInclude Include="MainWindow.h">
      <Filter>Header Files\Design</Filter>
    </ClInclude>
    <ClInclude Include="VideoClip.h">
      <Filter>Header Files</Filter>
    </ClInclude>
    <ClInclude Include="Sequence.h">
      <Filter>Header Files</Filter>
    </ClInclude>
    <ClInclude Include="globals.h">
      <Filter>Header Files</Filter>
    </ClInclude>
    <ClInclude Include="Records.h">
      <Filter>Header Files</Filter>
    </ClInclude>
    <ClInclude Include="VideoSourcePanel.h">
      <Filter>Header Files\Design</Filter>
    </ClInclude>
    <ClInclude Include="InputDialog.h">
      <Filter>Header Files\Design</Filter>
    </ClInclude>
    <ClInclude Include="ShowVideoPanel.h">
      <Filter>Header Files\Design</Filter>
    </ClInclude>
    <ClInclude Include="SyncObject.h">
      <Filter>Header Files</Filter>
    </ClInclude>
    <ClInclude Include="BufferedBitmap.h">
      <Filter>Header Files\Design</Filter>
    </ClInclude>
    <ClInclude Include="SeqControlWindow.h">
      <Filter>Header Files\Design</Filter>
    </ClInclude>
    <ClInclude Include="ClipItemPanel.h">
      <Filter>Header Files\Design</Filter>
    </ClInclude>
    <ClInclude Include="SmallBitmapButton.h">
      <Filter>Header Files\Design</Filter>
    </ClInclude>
    <ClInclude Include="DesignConstatns.h">
      <Filter>Header Files\Design</Filter>
    </ClInclude>
    <ClInclude Include="SeqSourcePanel.h">
      <Filter>Header Files\Design</Filter>
    </ClInclude>
    <ClInclude Include="resource.h">
      <Filter>Header Files</Filter>
    </ClInclude>
    <ClInclude Include="SHA256.h">
      <Filter>Header Files\Server Connection\Encryption</Filter>
    </ClInclude>
    <ClInclude Include="rsa.h">
      <Filter>Header Files\Server Connection\Encryption</Filter>
    </ClInclude>
    <ClInclude Include="ShiftCipher.h">
      <Filter>Header Files\Server Connection\Encryption</Filter>
    </ClInclude>
    <ClInclude Include="UserDialog.h">
      <Filter>Header Files\Design</Filter>
    </ClInclude>
    <ClInclude Include="IEffect.h">
      <Filter>Header Files\Interfaces</Filter>
    </ClInclude>
    <ClInclude Include="RotateEffect.h">
      <Filter>Header Files\Effects</Filter>
    </ClInclude>
    <ClInclude Include="image_helpers.h">
      <Filter>Header Files</Filter>
    </ClInclude>
    <ClInclude Include="string_utils.h">
      <Filter>Header Files</Filter>
    </ClInclude>
    <ClInclude Include="ProjectsDialog.h">
      <Filter>Header Files\Design</Filter>
    </ClInclude>
    <ClInclude Include="Client.h">
      <Filter>Header Files\Server Connection</Filter>
    </ClInclude>
    <ClInclude Include="ServerProtocol.h">
      <Filter>Header Files\Server Connection</Filter>
    </ClInclude>
  </ItemGroup>
  <ItemGroup>
    <Image Include="..\functions.png">
      <Filter>Resource Files</Filter>
    </Image>
    <Image Include="whiteDelete.png">
      <Filter>Resource Files</Filter>
    </Image>
    <Image Include="whiteEdit.png">
      <Filter>Resource Files</Filter>
    </Image>
    <Image Include="blackAdd.png">
      <Filter>Resource Files</Filter>
    </Image>
    <Image Include="blackDelete.png">
      <Filter>Resource Files</Filter>
    </Image>
    <Image Include="blackEdit.png">
      <Filter>Resource Files</Filter>
    </Image>
    <Image Include="whiteAdd.png">
      <Filter>Resource Files</Filter>
    </Image>
    <Image Include="gotostart.png">
      <Filter>Resource Files</Filter>
    </Image>
    <Image Include="prevframe.png">
      <Filter>Resource Files</Filter>
    </Image>
    <Image Include="pause.png">
      <Filter>Resource Files</Filter>
    </Image>
    <Image Include="play.png">
      <Filter>Resource Files</Filter>
    </Image>
    <Image Include="nextframe.png">
      <Filter>Resource Files</Filter>
    </Image>
    <Image Include="gotoend.png">
      <Filter>Resource Files</Filter>
    </Image>
    <Image Include="rightarrow.png">
      <Filter>Resource Files</Filter>
    </Image>
    <Image Include="user.png">
      <Filter>Resource Files</Filter>
    </Image>
    <Image Include="user2.png">
      <Filter>Resource Files</Filter>
    </Image>
    <Image Include="user4.png">
      <Filter>Resource Files</Filter>
    </Image>
    <Image Include="passwordeye.png">
      <Filter>Resource Files</Filter>
    </Image>
    <Image Include="openeye.png">
      <Filter>Resource Files</Filter>
    </Image>
    <Image Include="logout_icon.png">
      <Filter>Resource Files</Filter>
    </Image>
  </ItemGroup>
  <ItemGroup>
    <Text Include="vidEd.txt" />
  </ItemGroup>
  <ItemGroup>
    <ResourceCompile Include="VideoEditor.rc">
      <Filter>Resource Files</Filter>
    </ResourceCompile>
  </ItemGroup>
</Project>